
Microsoft Visual Studio Solution File, Format Version 12.00
# Visual Studio Version 17
VisualStudioVersion = 17.11.35312.102
MinimumVisualStudioVersion = 10.0.40219.1
Project("{FAE04EC0-301F-11D3-BF4B-00C04F79EFBC}") = "LeaderBoard", "LeaderBoard\LeaderBoard.csproj", "{EC26E447-D8E0-475D-93D0-8D513E73F1AF}"
EndProject
Project("{FAE04EC0-301F-11D3-BF4B-00C04F79EFBC}") = "Firestore Library", "Firestore Library\Firestore Library.csproj", "{8F07E7F1-92AF-463D-AF51-BE815E661437}"
EndProject
Global
	GlobalSection(SolutionConfigurationPlatforms) = preSolution
		Debug|Any CPU = Debug|Any CPU
		Release|Any CPU = Release|Any CPU
	EndGlobalSection
	GlobalSection(ProjectConfigurationPlatforms) = postSolution
		{EC26E447-D8E0-475D-93D0-8D513E73F1AF}.Debug|Any CPU.ActiveCfg = Debug|Any CPU
		{EC26E447-D8E0-475D-93D0-8D513E73F1AF}.Debug|Any CPU.Build.0 = Debug|Any CPU
		{EC26E447-D8E0-475D-93D0-8D513E73F1AF}.Release|Any CPU.ActiveCfg = Release|Any CPU
		{EC26E447-D8E0-475D-93D0-8D513E73F1AF}.Release|Any CPU.Build.0 = Release|Any CPU
		{8F07E7F1-92AF-463D-AF51-BE815E661437}.Debug|Any CPU.ActiveCfg = Debug|Any CPU
		{8F07E7F1-92AF-463D-AF51-BE815E661437}.Debug|Any CPU.Build.0 = Debug|Any CPU
		{8F07E7F1-92AF-463D-AF51-BE815E661437}.Release|Any CPU.ActiveCfg = Release|Any CPU
		{8F07E7F1-92AF-463D-AF51-BE815E661437}.Release|Any CPU.Build.0 = Release|Any CPU
	EndGlobalSection
	GlobalSection(SolutionProperties) = preSolution
		HideSolutionNode = FALSE
	EndGlobalSection
	GlobalSection(ExtensibilityGlobals) = postSolution
		SolutionGuid = {7C7A50AA-5AFF-4635-89A0-A0CCE3BE4A8C}
	EndGlobalSection
EndGlobal
